
Microsoft Visual Studio Solution File, Format Version 12.00
# Visual Studio Version 17
VisualStudioVersion = 17.0.31912.275
MinimumVisualStudioVersion = 10.0.40219.1
Project("{FAE04EC0-301F-11D3-BF4B-00C04F79EFBC}") = "FINISHED AP PROJECT", "FINISHED AP PROJECT\FINISHED AP PROJECT.csproj", "{B7B0898C-6591-48EB-8C83-84E0B4DD3D61}"
EndProject
Global
	GlobalSection(SolutionConfigurationPlatforms) = preSolution
		Debug|Any CPU = Debug|Any CPU
		Release|Any CPU = Release|Any CPU
	EndGlobalSection
	GlobalSection(ProjectConfigurationPlatforms) = postSolution
		{B7B0898C-6591-48EB-8C83-84E0B4DD3D61}.Debug|Any CPU.ActiveCfg = Debug|Any CPU
		{B7B0898C-6591-48EB-8C83-84E0B4DD3D61}.Debug|Any CPU.Build.0 = Debug|Any CPU
		{B7B0898C-6591-48EB-8C83-84E0B4DD3D61}.Release|Any CPU.ActiveCfg = Release|Any CPU
		{B7B0898C-6591-48EB-8C83-84E0B4DD3D61}.Release|Any CPU.Build.0 = Release|Any CPU
	EndGlobalSection
	GlobalSection(SolutionProperties) = preSolution
		HideSolutionNode = FALSE
	EndGlobalSection
	GlobalSection(ExtensibilityGlobals) = postSolution
		SolutionGuid = {2BCB96A9-7814-449D-A163-A087E2BE6480}
	EndGlobalSection
EndGlobal
